// !$*UTF8*$!
{
	archiveVersion = 1;
	classes = {
	};
	objectVersion = 56;
	objects = {

/* Begin PBXBuildFile section */
		C040976D2BBC64B5001749E8 /* FlowViewDemoApp.swift in Sources */ = {isa = PBXBuildFile; fileRef = C040976C2BBC64B5001749E8 /* FlowViewDemoApp.swift */; };
		C040976F2BBC64B5001749E8 /* ContentView.swift in Sources */ = {isa = PBXBuildFile; fileRef = C040976E2BBC64B5001749E8 /* ContentView.swift */; };
		C04097712BBC64B6001749E8 /* Assets.xcassets in Resources */ = {isa = PBXBuildFile; fileRef = C04097702BBC64B6001749E8 /* Assets.xcassets */; };
		C04097742BBC64B6001749E8 /* Preview Assets.xcassets in Resources */ = {isa = PBXBuildFile; fileRef = C04097732BBC64B6001749E8 /* Preview Assets.xcassets */; };
		C040977C2BBC64D4001749E8 /* FlowStep.swift in Sources */ = {isa = PBXBuildFile; fileRef = C040977B2BBC64D4001749E8 /* FlowStep.swift */; };
		C040977F2BBC65A4001749E8 /* FlowData.swift in Sources */ = {isa = PBXBuildFile; fileRef = C040977E2BBC65A4001749E8 /* FlowData.swift */; };
		C04097812BBC6659001749E8 /* FlowRouter.swift in Sources */ = {isa = PBXBuildFile; fileRef = C04097802BBC6659001749E8 /* FlowRouter.swift */; };
		C04097832BBC66CE001749E8 /* FlowPageViewControllerDelegate.swift in Sources */ = {isa = PBXBuildFile; fileRef = C04097822BBC66CE001749E8 /* FlowPageViewControllerDelegate.swift */; };
		C04097852BBC677D001749E8 /* FlowView.swift in Sources */ = {isa = PBXBuildFile; fileRef = C04097842BBC677D001749E8 /* FlowView.swift */; };
		C04097882BBC6955001749E8 /* FlowPageView.swift in Sources */ = {isa = PBXBuildFile; fileRef = C04097872BBC6955001749E8 /* FlowPageView.swift */; };
		C040978B2BBC6BBC001749E8 /* AgeEntryStepView.swift in Sources */ = {isa = PBXBuildFile; fileRef = C040978A2BBC6BBC001749E8 /* AgeEntryStepView.swift */; };
		C040978D2BBC6E04001749E8 /* EligibleUserStepView.swift in Sources */ = {isa = PBXBuildFile; fileRef = C040978C2BBC6E04001749E8 /* EligibleUserStepView.swift */; };
		C040978F2BBC6EDD001749E8 /* IneligibleUserStepView.swift in Sources */ = {isa = PBXBuildFile; fileRef = C040978E2BBC6EDD001749E8 /* IneligibleUserStepView.swift */; };
/* End PBXBuildFile section */

/* Begin PBXFileReference section */
		C04097692BBC64B5001749E8 /* FlowViewDemo.app */ = {isa = PBXFileReference; explicitFileType = wrapper.application; includeInIndex = 0; path = FlowViewDemo.app; sourceTree = BUILT_PRODUCTS_DIR; };
		C040976C2BBC64B5001749E8 /* FlowViewDemoApp.swift */ = {isa = PBXFileReference; lastKnownFileType = sourcecode.swift; path = FlowViewDemoApp.swift; sourceTree = "<group>"; };
		C040976E2BBC64B5001749E8 /* ContentView.swift */ = {isa = PBXFileReference; lastKnownFileType = sourcecode.swift; path = ContentView.swift; sourceTree = "<group>"; };
		C04097702BBC64B6001749E8 /* Assets.xcassets */ = {isa = PBXFileReference; lastKnownFileType = folder.assetcatalog; path = Assets.xcassets; sourceTree = "<group>"; };
		C04097732BBC64B6001749E8 /* Preview Assets.xcassets */ = {isa = PBXFileReference; lastKnownFileType = folder.assetcatalog; path = "Preview Assets.xcassets"; sourceTree = "<group>"; };
		C040977B2BBC64D4001749E8 /* FlowStep.swift */ = {isa = PBXFileReference; lastKnownFileType = sourcecode.swift; path = FlowStep.swift; sourceTree = "<group>"; };
		C040977E2BBC65A4001749E8 /* FlowData.swift */ = {isa = PBXFileReference; lastKnownFileType = sourcecode.swift; path = FlowData.swift; sourceTree = "<group>"; };
		C04097802BBC6659001749E8 /* FlowRouter.swift */ = {isa = PBXFileReference; lastKnownFileType = sourcecode.swift; path = FlowRouter.swift; sourceTree = "<group>"; };
		C04097822BBC66CE001749E8 /* FlowPageViewControllerDelegate.swift */ = {isa = PBXFileReference; lastKnownFileType = sourcecode.swift; path = FlowPageViewControllerDelegate.swift; sourceTree = "<group>"; };
		C04097842BBC677D001749E8 /* FlowView.swift */ = {isa = PBXFileReference; lastKnownFileType = sourcecode.swift; path = FlowView.swift; sourceTree = "<group>"; };
		C04097872BBC6955001749E8 /* FlowPageView.swift */ = {isa = PBXFileReference; lastKnownFileType = sourcecode.swift; path = FlowPageView.swift; sourceTree = "<group>"; };
		C040978A2BBC6BBC001749E8 /* AgeEntryStepView.swift */ = {isa = PBXFileReference; lastKnownFileType = sourcecode.swift; path = AgeEntryStepView.swift; sourceTree = "<group>"; };
		C040978C2BBC6E04001749E8 /* EligibleUserStepView.swift */ = {isa = PBXFileReference; lastKnownFileType = sourcecode.swift; path = EligibleUserStepView.swift; sourceTree = "<group>"; };
		C040978E2BBC6EDD001749E8 /* IneligibleUserStepView.swift */ = {isa = PBXFileReference; lastKnownFileType = sourcecode.swift; path = IneligibleUserStepView.swift; sourceTree = "<group>"; };
/* End PBXFileReference section */

/* Begin PBXFrameworksBuildPhase section */
		C04097662BBC64B5001749E8 /* Frameworks */ = {
			isa = PBXFrameworksBuildPhase;
			buildActionMask = 2147483647;
			files = (
			);
			runOnlyForDeploymentPostprocessing = 0;
		};
/* End PBXFrameworksBuildPhase section */

/* Begin PBXGroup section */
		C04097602BBC64B5001749E8 = {
			isa = PBXGroup;
			children = (
				C040976B2BBC64B5001749E8 /* FlowViewDemo */,
				C040976A2BBC64B5001749E8 /* Products */,
			);
			sourceTree = "<group>";
		};
		C040976A2BBC64B5001749E8 /* Products */ = {
			isa = PBXGroup;
			children = (
				C04097692BBC64B5001749E8 /* FlowViewDemo.app */,
			);
			name = Products;
			sourceTree = "<group>";
		};
		C040976B2BBC64B5001749E8 /* FlowViewDemo */ = {
			isa = PBXGroup;
			children = (
				C040977A2BBC64BD001749E8 /* FlowView */,
				C040976C2BBC64B5001749E8 /* FlowViewDemoApp.swift */,
				C040976E2BBC64B5001749E8 /* ContentView.swift */,
				C04097702BBC64B6001749E8 /* Assets.xcassets */,
				C04097722BBC64B6001749E8 /* Preview Content */,
			);
			path = FlowViewDemo;
			sourceTree = "<group>";
		};
		C04097722BBC64B6001749E8 /* Preview Content */ = {
			isa = PBXGroup;
			children = (
				C04097732BBC64B6001749E8 /* Preview Assets.xcassets */,
			);
			path = "Preview Content";
			sourceTree = "<group>";
		};
		C040977A2BBC64BD001749E8 /* FlowView */ = {
			isa = PBXGroup;
			children = (
				C04097802BBC6659001749E8 /* FlowRouter.swift */,
				C040977D2BBC658E001749E8 /* Models */,
				C04097862BBC6782001749E8 /* Views */,
			);
			path = FlowView;
			sourceTree = "<group>";
		};
		C040977D2BBC658E001749E8 /* Models */ = {
			isa = PBXGroup;
			children = (
				C040977B2BBC64D4001749E8 /* FlowStep.swift */,
				C040977E2BBC65A4001749E8 /* FlowData.swift */,
				C04097822BBC66CE001749E8 /* FlowPageViewControllerDelegate.swift */,
			);
			path = Models;
			sourceTree = "<group>";
		};
		C04097862BBC6782001749E8 /* Views */ = {
			isa = PBXGroup;
			children = (
				C04097842BBC677D001749E8 /* FlowView.swift */,
				C04097872BBC6955001749E8 /* FlowPageView.swift */,
				C04097892BBC6BA6001749E8 /* StepViews */,
			);
			path = Views;
			sourceTree = "<group>";
		};
		C04097892BBC6BA6001749E8 /* StepViews */ = {
			isa = PBXGroup;
			children = (
				C040978A2BBC6BBC001749E8 /* AgeEntryStepView.swift */,
				C040978C2BBC6E04001749E8 /* EligibleUserStepView.swift */,
				C040978E2BBC6EDD001749E8 /* IneligibleUserStepView.swift */,
			);
			path = StepViews;
			sourceTree = "<group>";
		};
/* End PBXGroup section */

/* Begin PBXNativeTarget section */
		C04097682BBC64B5001749E8 /* FlowViewDemo */ = {
			isa = PBXNativeTarget;
			buildConfigurationList = C04097772BBC64B6001749E8 /* Build configuration list for PBXNativeTarget "FlowViewDemo" */;
			buildPhases = (
				C04097652BBC64B5001749E8 /* Sources */,
				C04097662BBC64B5001749E8 /* Frameworks */,
				C04097672BBC64B5001749E8 /* Resources */,
			);
			buildRules = (
			);
			dependencies = (
			);
			name = FlowViewDemo;
			productName = FlowViewDemo;
			productReference = C04097692BBC64B5001749E8 /* FlowViewDemo.app */;
			productType = "com.apple.product-type.application";
		};
/* End PBXNativeTarget section */

/* Begin PBXProject section */
		C04097612BBC64B5001749E8 /* Project object */ = {
			isa = PBXProject;
			attributes = {
				BuildIndependentTargetsInParallel = 1;
				LastSwiftUpdateCheck = 1510;
				LastUpgradeCheck = 1510;
				TargetAttributes = {
					C04097682BBC64B5001749E8 = {
						CreatedOnToolsVersion = 15.1;
					};
				};
			};
			buildConfigurationList = C04097642BBC64B5001749E8 /* Build configuration list for PBXProject "FlowViewDemo" */;
			compatibilityVersion = "Xcode 14.0";
			developmentRegion = en;
			hasScannedForEncodings = 0;
			knownRegions = (
				en,
				Base,
			);
			mainGroup = C04097602BBC64B5001749E8;
			productRefGroup = C040976A2BBC64B5001749E8 /* Products */;
			projectDirPath = "";
			projectRoot = "";
			targets = (
				C04097682BBC64B5001749E8 /* FlowViewDemo */,
			);
		};
/* End PBXProject section */

/* Begin PBXResourcesBuildPhase section */
		C04097672BBC64B5001749E8 /* Resources */ = {
			isa = PBXResourcesBuildPhase;
			buildActionMask = 2147483647;
			files = (
				C04097742BBC64B6001749E8 /* Preview Assets.xcassets in Resources */,
				C04097712BBC64B6001749E8 /* Assets.xcassets in Resources */,
			);
			runOnlyForDeploymentPostprocessing = 0;
		};
/* End PBXResourcesBuildPhase section */

/* Begin PBXSourcesBuildPhase section */
		C04097652BBC64B5001749E8 /* Sources */ = {
			isa = PBXSourcesBuildPhase;
			buildActionMask = 2147483647;
			files = (
				C04097832BBC66CE001749E8 /* FlowPageViewControllerDelegate.swift in Sources */,
				C04097852BBC677D001749E8 /* FlowView.swift in Sources */,
				C040976F2BBC64B5001749E8 /* ContentView.swift in Sources */,
				C040978D2BBC6E04001749E8 /* EligibleUserStepView.swift in Sources */,
				C040978F2BBC6EDD001749E8 /* IneligibleUserStepView.swift in Sources */,
				C040977C2BBC64D4001749E8 /* FlowStep.swift in Sources */,
				C04097812BBC6659001749E8 /* FlowRouter.swift in Sources */,
				C040978B2BBC6BBC001749E8 /* AgeEntryStepView.swift in Sources */,
				C04097882BBC6955001749E8 /* FlowPageView.swift in Sources */,
				C040976D2BBC64B5001749E8 /* FlowViewDemoApp.swift in Sources */,
				C040977F2BBC65A4001749E8 /* FlowData.swift in Sources */,
			);
			runOnlyForDeploymentPostprocessing = 0;
		};
/* End PBXSourcesBuildPhase section */

/* Begin XCBuildConfiguration section */
		C04097752BBC64B6001749E8 /* Debug */ = {
			isa = XCBuildConfiguration;
			buildSettings = {
				ALWAYS_SEARCH_USER_PATHS = NO;
				ASSETCATALOG_COMPILER_GENERATE_SWIFT_ASSET_SYMBOL_EXTENSIONS = YES;
				CLANG_ANALYZER_NONNULL = YES;
				CLANG_ANALYZER_NUMBER_OBJECT_CONVERSION = YES_AGGRESSIVE;
				CLANG_CXX_LANGUAGE_STANDARD = "gnu++20";
				CLANG_ENABLE_MODULES = YES;
				CLANG_ENABLE_OBJC_ARC = YES;
				CLANG_ENABLE_OBJC_WEAK = YES;
				CLANG_WARN_BLOCK_CAPTURE_AUTORELEASING = YES;
				CLANG_WARN_BOOL_CONVERSION = YES;
				CLANG_WARN_COMMA = YES;
				CLANG_WARN_CONSTANT_CONVERSION = YES;
				CLANG_WARN_DEPRECATED_OBJC_IMPLEMENTATIONS = YES;
				CLANG_WARN_DIRECT_OBJC_ISA_USAGE = YES_ERROR;
				CLANG_WARN_DOCUMENTATION_COMMENTS = YES;
				CLANG_WARN_EMPTY_BODY = YES;
				CLANG_WARN_ENUM_CONVERSION = YES;
				CLANG_WARN_INFINITE_RECURSION = YES;
				CLANG_WARN_INT_CONVERSION = YES;
				CLANG_WARN_NON_LITERAL_NULL_CONVERSION = YES;
				CLANG_WARN_OBJC_IMPLICIT_RETAIN_SELF = YES;
				CLANG_WARN_OBJC_LITERAL_CONVERSION = YES;
				CLANG_WARN_OBJC_ROOT_CLASS = YES_ERROR;
				CLANG_WARN_QUOTED_INCLUDE_IN_FRAMEWORK_HEADER = YES;
				CLANG_WARN_RANGE_LOOP_ANALYSIS = YES;
				CLANG_WARN_STRICT_PROTOTYPES = YES;
				CLANG_WARN_SUSPICIOUS_MOVE = YES;
				CLANG_WARN_UNGUARDED_AVAILABILITY = YES_AGGRESSIVE;
				CLANG_WARN_UNREACHABLE_CODE = YES;
				CLANG_WARN__DUPLICATE_METHOD_MATCH = YES;
				COPY_PHASE_STRIP = NO;
				DEBUG_INFORMATION_FORMAT = dwarf;
				ENABLE_STRICT_OBJC_MSGSEND = YES;
				ENABLE_TESTABILITY = YES;
				ENABLE_USER_SCRIPT_SANDBOXING = YES;
				GCC_C_LANGUAGE_STANDARD = gnu17;
				GCC_DYNAMIC_NO_PIC = NO;
				GCC_NO_COMMON_BLOCKS = YES;
				GCC_OPTIMIZATION_LEVEL = 0;
				GCC_PREPROCESSOR_DEFINITIONS = (
					"DEBUG=1",
					"$(inherited)",
				);
				GCC_WARN_64_TO_32_BIT_CONVERSION = YES;
				GCC_WARN_ABOUT_RETURN_TYPE = YES_ERROR;
				GCC_WARN_UNDECLARED_SELECTOR = YES;
				GCC_WARN_UNINITIALIZED_AUTOS = YES_AGGRESSIVE;
				GCC_WARN_UNUSED_FUNCTION = YES;
				GCC_WARN_UNUSED_VARIABLE = YES;
				IPHONEOS_DEPLOYMENT_TARGET = 17.2;
				LOCALIZATION_PREFERS_STRING_CATALOGS = YES;
				MTL_ENABLE_DEBUG_INFO = INCLUDE_SOURCE;
				MTL_FAST_MATH = YES;
				ONLY_ACTIVE_ARCH = YES;
				SDKROOT = iphoneos;
				SWIFT_ACTIVE_COMPILATION_CONDITIONS = "DEBUG $(inherited)";
				SWIFT_OPTIMIZATION_LEVEL = "-Onone";
			};
			name = Debug;
		};
		C04097762BBC64B6001749E8 /* Release */ = {
			isa = XCBuildConfiguration;
			buildSettings = {
				ALWAYS_SEARCH_USER_PATHS = NO;
				ASSETCATALOG_COMPILER_GENERATE_SWIFT_ASSET_SYMBOL_EXTENSIONS = YES;
				CLANG_ANALYZER_NONNULL = YES;
				CLANG_ANALYZER_NUMBER_OBJECT_CONVERSION = YES_AGGRESSIVE;
				CLANG_CXX_LANGUAGE_STANDARD = "gnu++20";
				CLANG_ENABLE_MODULES = YES;
				CLANG_ENABLE_OBJC_ARC = YES;
				CLANG_ENABLE_OBJC_WEAK = YES;
				CLANG_WARN_BLOCK_CAPTURE_AUTORELEASING = YES;
				CLANG_WARN_BOOL_CONVERSION = YES;
				CLANG_WARN_COMMA = YES;
				CLANG_WARN_CONSTANT_CONVERSION = YES;
				CLANG_WARN_DEPRECATED_OBJC_IMPLEMENTATIONS = YES;
				CLANG_WARN_DIRECT_OBJC_ISA_USAGE = YES_ERROR;
				CLANG_WARN_DOCUMENTATION_COMMENTS = YES;
				CLANG_WARN_EMPTY_BODY = YES;
				CLANG_WARN_ENUM_CONVERSION = YES;
				CLANG_WARN_INFINITE_RECURSION = YES;
				CLANG_WARN_INT_CONVERSION = YES;
				CLANG_WARN_NON_LITERAL_NULL_CONVERSION = YES;
				CLANG_WARN_OBJC_IMPLICIT_RETAIN_SELF = YES;
				CLANG_WARN_OBJC_LITERAL_CONVERSION = YES;
				CLANG_WARN_OBJC_ROOT_CLASS = YES_ERROR;
				CLANG_WARN_QUOTED_INCLUDE_IN_FRAMEWORK_HEADER = YES;
				CLANG_WARN_RANGE_LOOP_ANALYSIS = YES;
				CLANG_WARN_STRICT_PROTOTYPES = YES;
				CLANG_WARN_SUSPICIOUS_MOVE = YES;
				CLANG_WARN_UNGUARDED_AVAILABILITY = YES_AGGRESSIVE;
				CLANG_WARN_UNREACHABLE_CODE = YES;
				CLANG_WARN__DUPLICATE_METHOD_MATCH = YES;
				COPY_PHASE_STRIP = NO;
				DEBUG_INFORMATION_FORMAT = "dwarf-with-dsym";
				ENABLE_NS_ASSERTIONS = NO;
				ENABLE_STRICT_OBJC_MSGSEND = YES;
				ENABLE_USER_SCRIPT_SANDBOXING = YES;
				GCC_C_LANGUAGE_STANDARD = gnu17;
				GCC_NO_COMMON_BLOCKS = YES;
				GCC_WARN_64_TO_32_BIT_CONVERSION = YES;
				GCC_WARN_ABOUT_RETURN_TYPE = YES_ERROR;
				GCC_WARN_UNDECLARED_SELECTOR = YES;
				GCC_WARN_UNINITIALIZED_AUTOS = YES_AGGRESSIVE;
				GCC_WARN_UNUSED_FUNCTION = YES;
				GCC_WARN_UNUSED_VARIABLE = YES;
				IPHONEOS_DEPLOYMENT_TARGET = 17.2;
				LOCALIZATION_PREFERS_STRING_CATALOGS = YES;
				MTL_ENABLE_DEBUG_INFO = NO;
				MTL_FAST_MATH = YES;
				SDKROOT = iphoneos;
				SWIFT_COMPILATION_MODE = wholemodule;
				VALIDATE_PRODUCT = YES;
			};
			name = Release;
		};
		C04097782BBC64B6001749E8 /* Debug */ = {
			isa = XCBuildConfiguration;
			buildSettings = {
				ASSETCATALOG_COMPILER_APPICON_NAME = AppIcon;
				ASSETCATALOG_COMPILER_GLOBAL_ACCENT_COLOR_NAME = AccentColor;
				CODE_SIGN_STYLE = Automatic;
				CURRENT_PROJECT_VERSION = 1;
				DEVELOPMENT_ASSET_PATHS = "\"FlowViewDemo/Preview Content\"";
				DEVELOPMENT_TEAM = UY94TTYS6F;
				ENABLE_PREVIEWS = YES;
				GENERATE_INFOPLIST_FILE = YES;
				INFOPLIST_KEY_UIApplicationSceneManifest_Generation = YES;
				INFOPLIST_KEY_UIApplicationSupportsIndirectInputEvents = YES;
				INFOPLIST_KEY_UILaunchScreen_Generation = YES;
				INFOPLIST_KEY_UISupportedInterfaceOrientations_iPad = "UIInterfaceOrientationPortrait UIInterfaceOrientationPortraitUpsideDown UIInterfaceOrientationLandscapeLeft UIInterfaceOrientationLandscapeRight";
				INFOPLIST_KEY_UISupportedInterfaceOrientations_iPhone = "UIInterfaceOrientationPortrait UIInterfaceOrientationLandscapeLeft UIInterfaceOrientationLandscapeRight";
				LD_RUNPATH_SEARCH_PATHS = (
					"$(inherited)",
					"@executable_path/Frameworks",
				);
				MARKETING_VERSION = 1.0;
				PRODUCT_BUNDLE_IDENTIFIER = kyleronayne.FlowViewDemo;
				PRODUCT_NAME = "$(TARGET_NAME)";
				SWIFT_EMIT_LOC_STRINGS = YES;
				SWIFT_VERSION = 5.0;
				TARGETED_DEVICE_FAMILY = "1,2";
			};
			name = Debug;
		};
		C04097792BBC64B6001749E8 /* Release */ = {
			isa = XCBuildConfiguration;
			buildSettings = {
				ASSETCATALOG_COMPILER_APPICON_NAME = AppIcon;
				ASSETCATALOG_COMPILER_GLOBAL_ACCENT_COLOR_NAME = AccentColor;
				CODE_SIGN_STYLE = Automatic;
				CURRENT_PROJECT_VERSION = 1;
				DEVELOPMENT_ASSET_PATHS = "\"FlowViewDemo/Preview Content\"";
				DEVELOPMENT_TEAM = UY94TTYS6F;
				ENABLE_PREVIEWS = YES;
				GENERATE_INFOPLIST_FILE = YES;
				INFOPLIST_KEY_UIApplicationSceneManifest_Generation = YES;
				INFOPLIST_KEY_UIApplicationSupportsIndirectInputEvents = YES;
				INFOPLIST_KEY_UILaunchScreen_Generation = YES;
				INFOPLIST_KEY_UISupportedInterfaceOrientations_iPad = "UIInterfaceOrientationPortrait UIInterfaceOrientationPortraitUpsideDown UIInterfaceOrientationLandscapeLeft UIInterfaceOrientationLandscapeRight";
				INFOPLIST_KEY_UISupportedInterfaceOrientations_iPhone = "UIInterfaceOrientationPortrait UIInterfaceOrientationLandscapeLeft UIInterfaceOrientationLandscapeRight";
				LD_RUNPATH_SEARCH_PATHS = (
					"$(inherited)",
					"@executable_path/Frameworks",
				);
				MARKETING_VERSION = 1.0;
				PRODUCT_BUNDLE_IDENTIFIER = kyleronayne.FlowViewDemo;
				PRODUCT_NAME = "$(TARGET_NAME)";
				SWIFT_EMIT_LOC_STRINGS = YES;
				SWIFT_VERSION = 5.0;
				TARGETED_DEVICE_FAMILY = "1,2";
			};
			name = Release;
		};
/* End XCBuildConfiguration section */

/* Begin XCConfigurationList section */
		C04097642BBC64B5001749E8 /* Build configuration list for PBXProject "FlowViewDemo" */ = {
			isa = XCConfigurationList;
			buildConfigurations = (
				C04097752BBC64B6001749E8 /* Debug */,
				C04097762BBC64B6001749E8 /* Release */,
			);
			defaultConfigurationIsVisible = 0;
			defaultConfigurationName = Release;
		};
		C04097772BBC64B6001749E8 /* Build configuration list for PBXNativeTarget "FlowViewDemo" */ = {
			isa = XCConfigurationList;
			buildConfigurations = (
				C04097782BBC64B6001749E8 /* Debug */,
				C04097792BBC64B6001749E8 /* Release */,
			);
			defaultConfigurationIsVisible = 0;
			defaultConfigurationName = Release;
		};
/* End XCConfigurationList section */
	};
	rootObject = C04097612BBC64B5001749E8 /* Project object */;
}
